
Microsoft Visual Studio Solution File, Format Version 12.00
# Visual Studio Version 17
VisualStudioVersion = 17.13.35806.99 d17.13
MinimumVisualStudioVersion = 10.0.40219.1
Project("{FAE04EC0-301F-11D3-BF4B-00C04F79EFBC}") = "WhileLoops", "WhileLoops\WhileLoops.csproj", "{61A82C3E-E69D-4362-98BC-4E020443433D}"
EndProject
Global
	GlobalSection(SolutionConfigurationPlatforms) = preSolution
		Debug|Any CPU = Debug|Any CPU
		Release|Any CPU = Release|Any CPU
	EndGlobalSection
	GlobalSection(ProjectConfigurationPlatforms) = postSolution
		{61A82C3E-E69D-4362-98BC-4E020443433D}.Debug|Any CPU.ActiveCfg = Debug|Any CPU
		{61A82C3E-E69D-4362-98BC-4E020443433D}.Debug|Any CPU.Build.0 = Debug|Any CPU
		{61A82C3E-E69D-4362-98BC-4E020443433D}.Release|Any CPU.ActiveCfg = Release|Any CPU
		{61A82C3E-E69D-4362-98BC-4E020443433D}.Release|Any CPU.Build.0 = Release|Any CPU
	EndGlobalSection
	GlobalSection(SolutionProperties) = preSolution
		HideSolutionNode = FALSE
	EndGlobalSection
	GlobalSection(ExtensibilityGlobals) = postSolution
		SolutionGuid = {B79BC2B8-A28E-4C8E-A0FC-1BBD044C2ADB}
	EndGlobalSection
EndGlobal
