
Microsoft Visual Studio Solution File, Format Version 12.00
# Visual Studio Version 17
VisualStudioVersion = 17.13.35806.99 d17.13
MinimumVisualStudioVersion = 10.0.40219.1
Project("{FAE04EC0-301F-11D3-BF4B-00C04F79EFBC}") = "TextDataTypes", "TextDataTypes\TextDataTypes.csproj", "{D59EB23C-ECA6-4F08-A7C7-CA650D00A947}"
EndProject
Global
	GlobalSection(SolutionConfigurationPlatforms) = preSolution
		Debug|Any CPU = Debug|Any CPU
		Release|Any CPU = Release|Any CPU
	EndGlobalSection
	GlobalSection(ProjectConfigurationPlatforms) = postSolution
		{D59EB23C-ECA6-4F08-A7C7-CA650D00A947}.Debug|Any CPU.ActiveCfg = Debug|Any CPU
		{D59EB23C-ECA6-4F08-A7C7-CA650D00A947}.Debug|Any CPU.Build.0 = Debug|Any CPU
		{D59EB23C-ECA6-4F08-A7C7-CA650D00A947}.Release|Any CPU.ActiveCfg = Release|Any CPU
		{D59EB23C-ECA6-4F08-A7C7-CA650D00A947}.Release|Any CPU.Build.0 = Release|Any CPU
	EndGlobalSection
	GlobalSection(SolutionProperties) = preSolution
		HideSolutionNode = FALSE
	EndGlobalSection
	GlobalSection(ExtensibilityGlobals) = postSolution
		SolutionGuid = {E0DD2FC3-B586-4996-B0A0-404E598F3B37}
	EndGlobalSection
EndGlobal
