
Microsoft Visual Studio Solution File, Format Version 12.00
# Visual Studio Version 17
VisualStudioVersion = 17.13.35806.99 d17.13
MinimumVisualStudioVersion = 10.0.40219.1
Project("{FAE04EC0-301F-11D3-BF4B-00C04F79EFBC}") = "SwitchStatements", "SwitchStatements\SwitchStatements.csproj", "{697492D1-DF2F-49C3-8ADA-9941A6E322DE}"
EndProject
Global
	GlobalSection(SolutionConfigurationPlatforms) = preSolution
		Debug|Any CPU = Debug|Any CPU
		Release|Any CPU = Release|Any CPU
	EndGlobalSection
	GlobalSection(ProjectConfigurationPlatforms) = postSolution
		{697492D1-DF2F-49C3-8ADA-9941A6E322DE}.Debug|Any CPU.ActiveCfg = Debug|Any CPU
		{697492D1-DF2F-49C3-8ADA-9941A6E322DE}.Debug|Any CPU.Build.0 = Debug|Any CPU
		{697492D1-DF2F-49C3-8ADA-9941A6E322DE}.Release|Any CPU.ActiveCfg = Release|Any CPU
		{697492D1-DF2F-49C3-8ADA-9941A6E322DE}.Release|Any CPU.Build.0 = Release|Any CPU
	EndGlobalSection
	GlobalSection(SolutionProperties) = preSolution
		HideSolutionNode = FALSE
	EndGlobalSection
	GlobalSection(ExtensibilityGlobals) = postSolution
		SolutionGuid = {7E48C927-EEE8-48BD-8EA5-B9EB51F8734C}
	EndGlobalSection
EndGlobal
